PODS:
  - Masonry (1.1.0)
  - MBProgressHUD (1.2.0)
  - OpenCV (4.3.0)

DEPENDENCIES:
  - Masonry
  - MBProgressHUD
  - OpenCV

SPEC REPOS:
  trunk:
    - Masonry
    - MBProgressHUD
    - OpenCV

SPEC CHECKSUMS:
  Masonry: 678fab65091a9290e40e2832a55e7ab731aad201
  MBProgressHUD: 3ee5efcc380f6a79a7cc9b363dd669c5e1ae7406
  OpenCV: 681e0451c1e54c5930a8922277f817ed5d5ab459

PODFILE CHECKSUM: b62049cfc0765436aa961e9ce1734b0b5db79985

COCOAPODS: 1.11.2
