// !$*UTF8*$!
{
	archiveVersion = 1;
	classes = {
	};
	objectVersion = 55;
	objects = {

/* Begin PBXBuildFile section */
		14B9A4F52753F44B007ABEAD /* AppDelegate.m in Sources */ = {isa = PBXBuildFile; fileRef = 14B9A4F42753F44B007ABEAD /* AppDelegate.m */; };
		14B9A4F82753F44B007ABEAD /* SceneDelegate.m in Sources */ = {isa = PBXBuildFile; fileRef = 14B9A4F72753F44B007ABEAD /* SceneDelegate.m */; };
		14B9A4FB2753F44B007ABEAD /* ViewController.m in Sources */ = {isa = PBXBuildFile; fileRef = 14B9A4FA2753F44B007ABEAD /* ViewController.m */; };
		14B9A4FE2753F44B007ABEAD /* Main.storyboard in Resources */ = {isa = PBXBuildFile; fileRef = 14B9A4FC2753F44B007ABEAD /* Main.storyboard */; };
		14B9A5002753F44E007ABEAD /* Assets.xcassets in Resources */ = {isa = PBXBuildFile; fileRef = 14B9A4FF2753F44E007ABEAD /* Assets.xcassets */; };
		14B9A5032753F44E007ABEAD /* LaunchScreen.storyboard in Resources */ = {isa = PBXBuildFile; fileRef = 14B9A5012753F44E007ABEAD /* LaunchScreen.storyboard */; };
		14B9A5062753F44E007ABEAD /* main.m in Sources */ = {isa = PBXBuildFile; fileRef = 14B9A5052753F44E007ABEAD /* main.m */; };
		FCCB382A44C055FD93983459 /* Pods_LKJUtilities.framework in Frameworks */ = {isa = PBXBuildFile; fileRef = 95CC1CDC422D32F74333AC77 /* Pods_LKJUtilities.framework */; };
/* End PBXBuildFile section */

/* Begin PBXFileReference section */
		14B9A4F02753F44B007ABEAD /* LKJUtilities.app */ = {isa = PBXFileReference; explicitFileType = wrapper.application; includeInIndex = 0; path = LKJUtilities.app; sourceTree = BUILT_PRODUCTS_DIR; };
		14B9A4F32753F44B007ABEAD /* AppDelegate.h */ = {isa = PBXFileReference; lastKnownFileType = sourcecode.c.h; path = AppDelegate.h; sourceTree = "<group>"; };
		14B9A4F42753F44B007ABEAD /* AppDelegate.m */ = {isa = PBXFileReference; lastKnownFileType = sourcecode.c.objc; path = AppDelegate.m; sourceTree = "<group>"; };
		14B9A4F62753F44B007ABEAD /* SceneDelegate.h */ = {isa = PBXFileReference; lastKnownFileType = sourcecode.c.h; path = SceneDelegate.h; sourceTree = "<group>"; };
		14B9A4F72753F44B007ABEAD /* SceneDelegate.m */ = {isa = PBXFileReference; lastKnownFileType = sourcecode.c.objc; path = SceneDelegate.m; sourceTree = "<group>"; };
		14B9A4F92753F44B007ABEAD /* ViewController.h */ = {isa = PBXFileReference; lastKnownFileType = sourcecode.c.h; path = ViewController.h; sourceTree = "<group>"; };
		14B9A4FA2753F44B007ABEAD /* ViewController.m */ = {isa = PBXFileReference; lastKnownFileType = sourcecode.c.objc; path = ViewController.m; sourceTree = "<group>"; };
		14B9A4FD2753F44B007ABEAD /* Base */ = {isa = PBXFileReference; lastKnownFileType = file.storyboard; name = Base; path = Base.lproj/Main.storyboard; sourceTree = "<group>"; };
		14B9A4FF2753F44E007ABEAD /* Assets.xcassets */ = {isa = PBXFileReference; lastKnownFileType = folder.assetcatalog; path = Assets.xcassets; sourceTree = "<group>"; };
		14B9A5022753F44E007ABEAD /* Base */ = {isa = PBXFileReference; lastKnownFileType = file.storyboard; name = Base; path = Base.lproj/LaunchScreen.storyboard; sourceTree = "<group>"; };
		14B9A5042753F44E007ABEAD /* Info.plist */ = {isa = PBXFileReference; lastKnownFileType = text.plist.xml; path = Info.plist; sourceTree = "<group>"; };
		14B9A5052753F44E007ABEAD /* main.m */ = {isa = PBXFileReference; lastKnownFileType = sourcecode.c.objc; path = main.m; sourceTree = "<group>"; };
		6D21EDD54AC0B7CBA65F4A19 /* Pods-LKJUtilities.release.xcconfig */ = {isa = PBXFileReference; includeInIndex = 1; lastKnownFileType = text.xcconfig; name = "Pods-LKJUtilities.release.xcconfig"; path = "Target Support Files/Pods-LKJUtilities/Pods-LKJUtilities.release.xcconfig"; sourceTree = "<group>"; };
		95CC1CDC422D32F74333AC77 /* Pods_LKJUtilities.framework */ = {isa = PBXFileReference; explicitFileType = wrapper.framework; includeInIndex = 0; path = Pods_LKJUtilities.framework; sourceTree = BUILT_PRODUCTS_DIR; };
		F9BE6BFF91843D6F67344DCD /* Pods-LKJUtilities.debug.xcconfig */ = {isa = PBXFileReference; includeInIndex = 1; lastKnownFileType = text.xcconfig; name = "Pods-LKJUtilities.debug.xcconfig"; path = "Target Support Files/Pods-LKJUtilities/Pods-LKJUtilities.debug.xcconfig"; sourceTree = "<group>"; };
/* End PBXFileReference section */

/* Begin PBXFrameworksBuildPhase section */
		14B9A4ED2753F44B007ABEAD /* Frameworks */ = {
			isa = PBXFrameworksBuildPhase;
			buildActionMask = 2147483647;
			files = (
				FCCB382A44C055FD93983459 /* Pods_LKJUtilities.framework in Frameworks */,
			);
			runOnlyForDeploymentPostprocessing = 0;
		};
/* End PBXFrameworksBuildPhase section */

/* Begin PBXGroup section */
		0DDB5713C10BC69904C9086D /* Frameworks */ = {
			isa = PBXGroup;
			children = (
				95CC1CDC422D32F74333AC77 /* Pods_LKJUtilities.framework */,
			);
			name = Frameworks;
			sourceTree = "<group>";
		};
		14B9A4E72753F44B007ABEAD = {
			isa = PBXGroup;
			children = (
				14B9A4F22753F44B007ABEAD /* LKJUtilities */,
				14B9A4F12753F44B007ABEAD /* Products */,
				977C739C189E04E70400CA16 /* Pods */,
				0DDB5713C10BC69904C9086D /* Frameworks */,
			);
			sourceTree = "<group>";
		};
		14B9A4F12753F44B007ABEAD /* Products */ = {
			isa = PBXGroup;
			children = (
				14B9A4F02753F44B007ABEAD /* LKJUtilities.app */,
			);
			name = Products;
			sourceTree = "<group>";
		};
		14B9A4F22753F44B007ABEAD /* LKJUtilities */ = {
			isa = PBXGroup;
			children = (
				14B9A4F32753F44B007ABEAD /* AppDelegate.h */,
				14B9A4F42753F44B007ABEAD /* AppDelegate.m */,
				14B9A4F62753F44B007ABEAD /* SceneDelegate.h */,
				14B9A4F72753F44B007ABEAD /* SceneDelegate.m */,
				14B9A4F92753F44B007ABEAD /* ViewController.h */,
				14B9A4FA2753F44B007ABEAD /* ViewController.m */,
				14B9A4FC2753F44B007ABEAD /* Main.storyboard */,
				14B9A4FF2753F44E007ABEAD /* Assets.xcassets */,
				14B9A5012753F44E007ABEAD /* LaunchScreen.storyboard */,
				14B9A5042753F44E007ABEAD /* Info.plist */,
				14B9A5052753F44E007ABEAD /* main.m */,
			);
			path = LKJUtilities;
			sourceTree = "<group>";
		};
		977C739C189E04E70400CA16 /* Pods */ = {
			isa = PBXGroup;
			children = (
				F9BE6BFF91843D6F67344DCD /* Pods-LKJUtilities.debug.xcconfig */,
				6D21EDD54AC0B7CBA65F4A19 /* Pods-LKJUtilities.release.xcconfig */,
			);
			name = Pods;
			path = Pods;
			sourceTree = "<group>";
		};
/* End PBXGroup section */

/* Begin PBXNativeTarget section */
		14B9A4EF2753F44B007ABEAD /* LKJUtilities */ = {
			isa = PBXNativeTarget;
			buildConfigurationList = 14B9A5092753F44E007ABEAD /* Build configuration list for PBXNativeTarget "LKJUtilities" */;
			buildPhases = (
				12E713CD3FF5D612D9B97D8B /* [CP] Check Pods Manifest.lock */,
				14B9A4EC2753F44B007ABEAD /* Sources */,
				14B9A4ED2753F44B007ABEAD /* Frameworks */,
				14B9A4EE2753F44B007ABEAD /* Resources */,
				E12555342A0CA1D938DAB6FD /* [CP] Embed Pods Frameworks */,
			);
			buildRules = (
			);
			dependencies = (
			);
			name = LKJUtilities;
			productName = LKJUtilities;
			productReference = 14B9A4F02753F44B007ABEAD /* LKJUtilities.app */;
			productType = "com.apple.product-type.application";
		};
/* End PBXNativeTarget section */

/* Begin PBXProject section */
		14B9A4E82753F44B007ABEAD /* Project object */ = {
			isa = PBXProject;
			attributes = {
				BuildIndependentTargetsInParallel = 1;
				LastUpgradeCheck = 1310;
				TargetAttributes = {
					14B9A4EF2753F44B007ABEAD = {
						CreatedOnToolsVersion = 13.1;
					};
				};
			};
			buildConfigurationList = 14B9A4EB2753F44B007ABEAD /* Build configuration list for PBXProject "LKJUtilities" */;
			compatibilityVersion = "Xcode 13.0";
			developmentRegion = en;
			hasScannedForEncodings = 0;
			knownRegions = (
				en,
				Base,
			);
			mainGroup = 14B9A4E72753F44B007ABEAD;
			productRefGroup = 14B9A4F12753F44B007ABEAD /* Products */;
			projectDirPath = "";
			projectRoot = "";
			targets = (
				14B9A4EF2753F44B007ABEAD /* LKJUtilities */,
			);
		};
/* End PBXProject section */

/* Begin PBXResourcesBuildPhase section */
		14B9A4EE2753F44B007ABEAD /* Resources */ = {
			isa = PBXResourcesBuildPhase;
			buildActionMask = 2147483647;
			files = (
				14B9A5032753F44E007ABEAD /* LaunchScreen.storyboard in Resources */,
				14B9A5002753F44E007ABEAD /* Assets.xcassets in Resources */,
				14B9A4FE2753F44B007ABEAD /* Main.storyboard in Resources */,
			);
			runOnlyForDeploymentPostprocessing = 0;
		};
/* End PBXResourcesBuildPhase section */

/* Begin PBXShellScriptBuildPhase section */
		12E713CD3FF5D612D9B97D8B /* [CP] Check Pods Manifest.lock */ = {
			isa = PBXShellScriptBuildPhase;
			buildActionMask = 2147483647;
			files = (
			);
			inputFileListPaths = (
			);
			inputPaths = (
				"${PODS_PODFILE_DIR_PATH}/Podfile.lock",
				"${PODS_ROOT}/Manifest.lock",
			);
			name = "[CP] Check Pods Manifest.lock";
			outputFileListPaths = (
			);
			outputPaths = (
				"$(DERIVED_FILE_DIR)/Pods-LKJUtilities-checkManifestLockResult.txt",
			);
			runOnlyForDeploymentPostprocessing = 0;
			shellPath = /bin/sh;
			shellScript = "diff \"${PODS_PODFILE_DIR_PATH}/Podfile.lock\" \"${PODS_ROOT}/Manifest.lock\" > /dev/null\nif [ $? != 0 ] ; then\n    # print error to STDERR\n    echo \"error: The sandbox is not in sync with the Podfile.lock. Run 'pod install' or update your CocoaPods installation.\" >&2\n    exit 1\nfi\n# This output is used by Xcode 'outputs' to avoid re-running this script phase.\necho \"SUCCESS\" > \"${SCRIPT_OUTPUT_FILE_0}\"\n";
			showEnvVarsInLog = 0;
		};
		E12555342A0CA1D938DAB6FD /* [CP] Embed Pods Frameworks */ = {
			isa = PBXShellScriptBuildPhase;
			buildActionMask = 2147483647;
			files = (
			);
			inputFileListPaths = (
				"${PODS_ROOT}/Target Support Files/Pods-LKJUtilities/Pods-LKJUtilities-frameworks-${CONFIGURATION}-input-files.xcfilelist",
			);
			name = "[CP] Embed Pods Frameworks";
			outputFileListPaths = (
				"${PODS_ROOT}/Target Support Files/Pods-LKJUtilities/Pods-LKJUtilities-frameworks-${CONFIGURATION}-output-files.xcfilelist",
			);
			runOnlyForDeploymentPostprocessing = 0;
			shellPath = /bin/sh;
			shellScript = "\"${PODS_ROOT}/Target Support Files/Pods-LKJUtilities/Pods-LKJUtilities-frameworks.sh\"\n";
			showEnvVarsInLog = 0;
		};
/* End PBXShellScriptBuildPhase section */

/* Begin PBXSourcesBuildPhase section */
		14B9A4EC2753F44B007ABEAD /* Sources */ = {
			isa = PBXSourcesBuildPhase;
			buildActionMask = 2147483647;
			files = (
				14B9A4FB2753F44B007ABEAD /* ViewController.m in Sources */,
				14B9A4F52753F44B007ABEAD /* AppDelegate.m in Sources */,
				14B9A5062753F44E007ABEAD /* main.m in Sources */,
				14B9A4F82753F44B007ABEAD /* SceneDelegate.m in Sources */,
			);
			runOnlyForDeploymentPostprocessing = 0;
		};
/* End PBXSourcesBuildPhase section */

/* Begin PBXVariantGroup section */
		14B9A4FC2753F44B007ABEAD /* Main.storyboard */ = {
			isa = PBXVariantGroup;
			children = (
				14B9A4FD2753F44B007ABEAD /* Base */,
			);
			name = Main.storyboard;
			sourceTree = "<group>";
		};
		14B9A5012753F44E007ABEAD /* LaunchScreen.storyboard */ = {
			isa = PBXVariantGroup;
			children = (
				14B9A5022753F44E007ABEAD /* Base */,
			);
			name = LaunchScreen.storyboard;
			sourceTree = "<group>";
		};
/* End PBXVariantGroup section */

/* Begin XCBuildConfiguration section */
		14B9A5072753F44E007ABEAD /* Debug */ = {
			isa = XCBuildConfiguration;
			buildSettings = {
				ALWAYS_SEARCH_USER_PATHS = NO;
				CLANG_ANALYZER_NONNULL = YES;
				CLANG_ANALYZER_NUMBER_OBJECT_CONVERSION = YES_AGGRESSIVE;
				CLANG_CXX_LANGUAGE_STANDARD = "gnu++17";
				CLANG_CXX_LIBRARY = "libc++";
				CLANG_ENABLE_MODULES = YES;
				CLANG_ENABLE_OBJC_ARC = YES;
				CLANG_ENABLE_OBJC_WEAK = YES;
				CLANG_WARN_BLOCK_CAPTURE_AUTORELEASING = YES;
				CLANG_WARN_BOOL_CONVERSION = YES;
				CLANG_WARN_COMMA = YES;
				CLANG_WARN_CONSTANT_CONVERSION = YES;
				CLANG_WARN_DEPRECATED_OBJC_IMPLEMENTATIONS = YES;
				CLANG_WARN_DIRECT_OBJC_ISA_USAGE = YES_ERROR;
				CLANG_WARN_DOCUMENTATION_COMMENTS = YES;
				CLANG_WARN_EMPTY_BODY = YES;
				CLANG_WARN_ENUM_CONVERSION = YES;
				CLANG_WARN_INFINITE_RECURSION = YES;
				CLANG_WARN_INT_CONVERSION = YES;
				CLANG_WARN_NON_LITERAL_NULL_CONVERSION = YES;
				CLANG_WARN_OBJC_IMPLICIT_RETAIN_SELF = YES;
				CLANG_WARN_OBJC_LITERAL_CONVERSION = YES;
				CLANG_WARN_OBJC_ROOT_CLASS = YES_ERROR;
				CLANG_WARN_QUOTED_INCLUDE_IN_FRAMEWORK_HEADER = YES;
				CLANG_WARN_RANGE_LOOP_ANALYSIS = YES;
				CLANG_WARN_STRICT_PROTOTYPES = YES;
				CLANG_WARN_SUSPICIOUS_MOVE = YES;
				CLANG_WARN_UNGUARDED_AVAILABILITY = YES_AGGRESSIVE;
				CLANG_WARN_UNREACHABLE_CODE = YES;
				CLANG_WARN__DUPLICATE_METHOD_MATCH = YES;
				COPY_PHASE_STRIP = NO;
				DEBUG_INFORMATION_FORMAT = dwarf;
				ENABLE_STRICT_OBJC_MSGSEND = YES;
				ENABLE_TESTABILITY = YES;
				GCC_C_LANGUAGE_STANDARD = gnu11;
				GCC_DYNAMIC_NO_PIC = NO;
				GCC_NO_COMMON_BLOCKS = YES;
				GCC_OPTIMIZATION_LEVEL = 0;
				GCC_PREPROCESSOR_DEFINITIONS = (
					"DEBUG=1",
					"$(inherited)",
				);
				GCC_WARN_64_TO_32_BIT_CONVERSION = YES;
				GCC_WARN_ABOUT_RETURN_TYPE = YES_ERROR;
				GCC_WARN_UNDECLARED_SELECTOR = YES;
				GCC_WARN_UNINITIALIZED_AUTOS = YES_AGGRESSIVE;
				GCC_WARN_UNUSED_FUNCTION = YES;
				GCC_WARN_UNUSED_VARIABLE = YES;
				IPHONEOS_DEPLOYMENT_TARGET = 15.0;
				MTL_ENABLE_DEBUG_INFO = INCLUDE_SOURCE;
				MTL_FAST_MATH = YES;
				ONLY_ACTIVE_ARCH = YES;
				SDKROOT = iphoneos;
			};
			name = Debug;
		};
		14B9A5082753F44E007ABEAD /* Release */ = {
			isa = XCBuildConfiguration;
			buildSettings = {
				ALWAYS_SEARCH_USER_PATHS = NO;
				CLANG_ANALYZER_NONNULL = YES;
				CLANG_ANALYZER_NUMBER_OBJECT_CONVERSION = YES_AGGRESSIVE;
				CLANG_CXX_LANGUAGE_STANDARD = "gnu++17";
				CLANG_CXX_LIBRARY = "libc++";
				CLANG_ENABLE_MODULES = YES;
				CLANG_ENABLE_OBJC_ARC = YES;
				CLANG_ENABLE_OBJC_WEAK = YES;
				CLANG_WARN_BLOCK_CAPTURE_AUTORELEASING = YES;
				CLANG_WARN_BOOL_CONVERSION = YES;
				CLANG_WARN_COMMA = YES;
				CLANG_WARN_CONSTANT_CONVERSION = YES;
				CLANG_WARN_DEPRECATED_OBJC_IMPLEMENTATIONS = YES;
				CLANG_WARN_DIRECT_OBJC_ISA_USAGE = YES_ERROR;
				CLANG_WARN_DOCUMENTATION_COMMENTS = YES;
				CLANG_WARN_EMPTY_BODY = YES;
				CLANG_WARN_ENUM_CONVERSION = YES;
				CLANG_WARN_INFINITE_RECURSION = YES;
				CLANG_WARN_INT_CONVERSION = YES;
				CLANG_WARN_NON_LITERAL_NULL_CONVERSION = YES;
				CLANG_WARN_OBJC_IMPLICIT_RETAIN_SELF = YES;
				CLANG_WARN_OBJC_LITERAL_CONVERSION = YES;
				CLANG_WARN_OBJC_ROOT_CLASS = YES_ERROR;
				CLANG_WARN_QUOTED_INCLUDE_IN_FRAMEWORK_HEADER = YES;
				CLANG_WARN_RANGE_LOOP_ANALYSIS = YES;
				CLANG_WARN_STRICT_PROTOTYPES = YES;
				CLANG_WARN_SUSPICIOUS_MOVE = YES;
				CLANG_WARN_UNGUARDED_AVAILABILITY = YES_AGGRESSIVE;
				CLANG_WARN_UNREACHABLE_CODE = YES;
				CLANG_WARN__DUPLICATE_METHOD_MATCH = YES;
				COPY_PHASE_STRIP = NO;
				DEBUG_INFORMATION_FORMAT = "dwarf-with-dsym";
				ENABLE_NS_ASSERTIONS = NO;
				ENABLE_STRICT_OBJC_MSGSEND = YES;
				GCC_C_LANGUAGE_STANDARD = gnu11;
				GCC_NO_COMMON_BLOCKS = YES;
				GCC_WARN_64_TO_32_BIT_CONVERSION = YES;
				GCC_WARN_ABOUT_RETURN_TYPE = YES_ERROR;
				GCC_WARN_UNDECLARED_SELECTOR = YES;
				GCC_WARN_UNINITIALIZED_AUTOS = YES_AGGRESSIVE;
				GCC_WARN_UNUSED_FUNCTION = YES;
				GCC_WARN_UNUSED_VARIABLE = YES;
				IPHONEOS_DEPLOYMENT_TARGET = 15.0;
				MTL_ENABLE_DEBUG_INFO = NO;
				MTL_FAST_MATH = YES;
				SDKROOT = iphoneos;
				VALIDATE_PRODUCT = YES;
			};
			name = Release;
		};
		14B9A50A2753F44E007ABEAD /* Debug */ = {
			isa = XCBuildConfiguration;
			baseConfigurationReference = F9BE6BFF91843D6F67344DCD /* Pods-LKJUtilities.debug.xcconfig */;
			buildSettings = {
				ASSETCATALOG_COMPILER_APPICON_NAME = AppIcon;
				ASSETCATALOG_COMPILER_GLOBAL_ACCENT_COLOR_NAME = AccentColor;
				CODE_SIGN_STYLE = Automatic;
				CURRENT_PROJECT_VERSION = 1;
				GENERATE_INFOPLIST_FILE = YES;
				INFOPLIST_FILE = LKJUtilities/Info.plist;
				INFOPLIST_KEY_UIApplicationSupportsIndirectInputEvents = YES;
				INFOPLIST_KEY_UILaunchStoryboardName = LaunchScreen;
				INFOPLIST_KEY_UIMainStoryboardFile = Main;
				INFOPLIST_KEY_UISupportedInterfaceOrientations_iPad = "UIInterfaceOrientationPortrait UIInterfaceOrientationPortraitUpsideDown UIInterfaceOrientationLandscapeLeft UIInterfaceOrientationLandscapeRight";
				INFOPLIST_KEY_UISupportedInterfaceOrientations_iPhone = "UIInterfaceOrientationPortrait UIInterfaceOrientationLandscapeLeft UIInterfaceOrientationLandscapeRight";
				LD_RUNPATH_SEARCH_PATHS = (
					"$(inherited)",
					"@executable_path/Frameworks",
				);
				MARKETING_VERSION = 1.0;
				PRODUCT_BUNDLE_IDENTIFIER = com.lyh.LKJUtilities;
				PRODUCT_NAME = "$(TARGET_NAME)";
				SWIFT_EMIT_LOC_STRINGS = YES;
				TARGETED_DEVICE_FAMILY = "1,2";
			};
			name = Debug;
		};
		14B9A50B2753F44E007ABEAD /* Release */ = {
			isa = XCBuildConfiguration;
			baseConfigurationReference = 6D21EDD54AC0B7CBA65F4A19 /* Pods-LKJUtilities.release.xcconfig */;
			buildSettings = {
				ASSETCATALOG_COMPILER_APPICON_NAME = AppIcon;
				ASSETCATALOG_COMPILER_GLOBAL_ACCENT_COLOR_NAME = AccentColor;
				CODE_SIGN_STYLE = Automatic;
				CURRENT_PROJECT_VERSION = 1;
				GENERATE_INFOPLIST_FILE = YES;
				INFOPLIST_FILE = LKJUtilities/Info.plist;
				INFOPLIST_KEY_UIApplicationSupportsIndirectInputEvents = YES;
				INFOPLIST_KEY_UILaunchStoryboardName = LaunchScreen;
				INFOPLIST_KEY_UIMainStoryboardFile = Main;
				INFOPLIST_KEY_UISupportedInterfaceOrientations_iPad = "UIInterfaceOrientationPortrait UIInterfaceOrientationPortraitUpsideDown UIInterfaceOrientationLandscapeLeft UIInterfaceOrientationLandscapeRight";
				INFOPLIST_KEY_UISupportedInterfaceOrientations_iPhone = "UIInterfaceOrientationPortrait UIInterfaceOrientationLandscapeLeft UIInterfaceOrientationLandscapeRight";
				LD_RUNPATH_SEARCH_PATHS = (
					"$(inherited)",
					"@executable_path/Frameworks",
				);
				MARKETING_VERSION = 1.0;
				PRODUCT_BUNDLE_IDENTIFIER = com.lyh.LKJUtilities;
				PRODUCT_NAME = "$(TARGET_NAME)";
				SWIFT_EMIT_LOC_STRINGS = YES;
				TARGETED_DEVICE_FAMILY = "1,2";
			};
			name = Release;
		};
/* End XCBuildConfiguration section */

/* Begin XCConfigurationList section */
		14B9A4EB2753F44B007ABEAD /* Build configuration list for PBXProject "LKJUtilities" */ = {
			isa = XCConfigurationList;
			buildConfigurations = (
				14B9A5072753F44E007ABEAD /* Debug */,
				14B9A5082753F44E007ABEAD /* Release */,
			);
			defaultConfigurationIsVisible = 0;
			defaultConfigurationName = Release;
		};
		14B9A5092753F44E007ABEAD /* Build configuration list for PBXNativeTarget "LKJUtilities" */ = {
			isa = XCConfigurationList;
			buildConfigurations = (
				14B9A50A2753F44E007ABEAD /* Debug */,
				14B9A50B2753F44E007ABEAD /* Release */,
			);
			defaultConfigurationIsVisible = 0;
			defaultConfigurationName = Release;
		};
/* End XCConfigurationList section */
	};
	rootObject = 14B9A4E82753F44B007ABEAD /* Project object */;
}
